
Microsoft Visual Studio Solution File, Format Version 12.00
# Visual Studio 15
VisualStudioVersion = 15.0.28307.902
MinimumVisualStudioVersion = 10.0.40219.1
Project("{FAE04EC0-301F-11D3-BF4B-00C04F79EFBC}") = "WebApplication24", "WebApplication24\WebApplication24.csproj", "{7F57F2F2-1E56-4BD8-8900-F3310E591732}"
EndProject
Global
	GlobalSection(SolutionConfigurationPlatforms) = preSolution
		Debug|Any CPU = Debug|Any CPU
		Release|Any CPU = Release|Any CPU
	EndGlobalSection
	GlobalSection(ProjectConfigurationPlatforms) = postSolution
		{7F57F2F2-1E56-4BD8-8900-F3310E591732}.Debug|Any CPU.ActiveCfg = Debug|Any CPU
		{7F57F2F2-1E56-4BD8-8900-F3310E591732}.Debug|Any CPU.Build.0 = Debug|Any CPU
		{7F57F2F2-1E56-4BD8-8900-F3310E591732}.Release|Any CPU.ActiveCfg = Release|Any CPU
		{7F57F2F2-1E56-4BD8-8900-F3310E591732}.Release|Any CPU.Build.0 = Release|Any CPU
	EndGlobalSection
	GlobalSection(SolutionProperties) = preSolution
		HideSolutionNode = FALSE
	EndGlobalSection
	GlobalSection(ExtensibilityGlobals) = postSolution
		SolutionGuid = {61425C87-5224-45FA-A09F-6142A6AA6CA6}
	EndGlobalSection
EndGlobal
